
Microsoft Visual Studio Solution File, Format Version 12.00
# Visual Studio Version 17
VisualStudioVersion = 17.14.36408.4
MinimumVisualStudioVersion = 10.0.40219.1
Project("{FAE04EC0-301F-11D3-BF4B-00C04F79EFBC}") = "GUI", "GUI\GUI.csproj", "{1B49FAC9-AAAC-4CC7-9783-E509B464D0CA}"
EndProject
Project("{FAE04EC0-301F-11D3-BF4B-00C04F79EFBC}") = "BE", "BE\BE.csproj", "{55A10E42-AE2C-482F-B335-AF723EADCCDD}"
EndProject
Project("{FAE04EC0-301F-11D3-BF4B-00C04F79EFBC}") = "DAL", "DAL\DAL.csproj", "{86240FF2-3986-4A05-8147-DCC761241ED5}"
EndProject
Project("{FAE04EC0-301F-11D3-BF4B-00C04F79EFBC}") = "BLL", "BLL\BLL.csproj", "{129C8034-B011-4448-B3FC-05342615A52F}"
EndProject
Global
	GlobalSection(SolutionConfigurationPlatforms) = preSolution
		Debug|Any CPU = Debug|Any CPU
		Release|Any CPU = Release|Any CPU
	EndGlobalSection
	GlobalSection(ProjectConfigurationPlatforms) = postSolution
		{1B49FAC9-AAAC-4CC7-9783-E509B464D0CA}.Debug|Any CPU.ActiveCfg = Debug|Any CPU
		{1B49FAC9-AAAC-4CC7-9783-E509B464D0CA}.Debug|Any CPU.Build.0 = Debug|Any CPU
		{1B49FAC9-AAAC-4CC7-9783-E509B464D0CA}.Release|Any CPU.ActiveCfg = Release|Any CPU
		{1B49FAC9-AAAC-4CC7-9783-E509B464D0CA}.Release|Any CPU.Build.0 = Release|Any CPU
		{55A10E42-AE2C-482F-B335-AF723EADCCDD}.Debug|Any CPU.ActiveCfg = Debug|Any CPU
		{55A10E42-AE2C-482F-B335-AF723EADCCDD}.Debug|Any CPU.Build.0 = Debug|Any CPU
		{55A10E42-AE2C-482F-B335-AF723EADCCDD}.Release|Any CPU.ActiveCfg = Release|Any CPU
		{55A10E42-AE2C-482F-B335-AF723EADCCDD}.Release|Any CPU.Build.0 = Release|Any CPU
		{86240FF2-3986-4A05-8147-DCC761241ED5}.Debug|Any CPU.ActiveCfg = Debug|Any CPU
		{86240FF2-3986-4A05-8147-DCC761241ED5}.Debug|Any CPU.Build.0 = Debug|Any CPU
		{86240FF2-3986-4A05-8147-DCC761241ED5}.Release|Any CPU.ActiveCfg = Release|Any CPU
		{86240FF2-3986-4A05-8147-DCC761241ED5}.Release|Any CPU.Build.0 = Release|Any CPU
		{129C8034-B011-4448-B3FC-05342615A52F}.Debug|Any CPU.ActiveCfg = Debug|Any CPU
		{129C8034-B011-4448-B3FC-05342615A52F}.Debug|Any CPU.Build.0 = Debug|Any CPU
		{129C8034-B011-4448-B3FC-05342615A52F}.Release|Any CPU.ActiveCfg = Release|Any CPU
		{129C8034-B011-4448-B3FC-05342615A52F}.Release|Any CPU.Build.0 = Release|Any CPU
	EndGlobalSection
	GlobalSection(SolutionProperties) = preSolution
		HideSolutionNode = FALSE
	EndGlobalSection
	GlobalSection(ExtensibilityGlobals) = postSolution
		        SolutionGuid = {0365DC5D-0FB5-4CEF-AE96-85BB0AC2842F}
		SolutionGuid = {6771310D-0E89-4741-9DA0-394DF079174D}
	EndGlobalSection
EndGlobal
