
Microsoft Visual Studio Solution File, Format Version 12.00
# Visual Studio Version 17
VisualStudioVersion = 17.14.36408.4
MinimumVisualStudioVersion = 10.0.40219.1
Project("{2150E333-8FDC-42A3-9474-1A3956D46DE8}") = "GUI", "GUI", "{02EA681E-C7D8-13C7-8484-4AC65E1B71E8}"
EndProject
Project("{FAE04EC0-301F-11D3-BF4B-00C04F79EFBC}") = "GUI", "GUI\GUI.csproj", "{C0348705-B0D1-4D8C-A8FE-E3CCDB1F449D}"
EndProject
Global
	GlobalSection(SolutionConfigurationPlatforms) = preSolution
		Debug|Any CPU = Debug|Any CPU
		Release|Any CPU = Release|Any CPU
	EndGlobalSection
	GlobalSection(ProjectConfigurationPlatforms) = postSolution
		{C0348705-B0D1-4D8C-A8FE-E3CCDB1F449D}.Debug|Any CPU.ActiveCfg = Debug|Any CPU
		{C0348705-B0D1-4D8C-A8FE-E3CCDB1F449D}.Debug|Any CPU.Build.0 = Debug|Any CPU
		{C0348705-B0D1-4D8C-A8FE-E3CCDB1F449D}.Release|Any CPU.ActiveCfg = Release|Any CPU
		{C0348705-B0D1-4D8C-A8FE-E3CCDB1F449D}.Release|Any CPU.Build.0 = Release|Any CPU
	EndGlobalSection
	GlobalSection(SolutionProperties) = preSolution
		HideSolutionNode = FALSE
	EndGlobalSection
	GlobalSection(NestedProjects) = preSolution
		{C0348705-B0D1-4D8C-A8FE-E3CCDB1F449D} = {02EA681E-C7D8-13C7-8484-4AC65E1B71E8}
	EndGlobalSection
	GlobalSection(ExtensibilityGlobals) = postSolution
		SolutionGuid = {6771310D-0E89-4741-9DA0-394DF079174D}
		        SolutionGuid = {0365DC5D-0FB5-4CEF-AE96-85BB0AC2842F}
	EndGlobalSection
EndGlobal
